
Microsoft Visual Studio Solution File, Format Version 12.00
# Visual Studio 15
VisualStudioVersion = 15.0.27703.2026
MinimumVisualStudioVersion = 10.0.40219.1
Project("{FAE04EC0-301F-11D3-BF4B-00C04F79EFBC}") = "LegaSysEntities", "LegaSysEntities\LegaSysEntities.csproj", "{47D87E6A-8815-4A13-BA2F-A4FA1226400E}"
EndProject
Project("{FAE04EC0-301F-11D3-BF4B-00C04F79EFBC}") = "LegaSysDataAccess", "LegaSysDataAccess\LegaSysDataAccess.csproj", "{94275C37-D375-4DF8-ACB2-209F1A89B8F8}"
EndProject
Project("{FAE04EC0-301F-11D3-BF4B-00C04F79EFBC}") = "LegaSysUOW", "LegaSysUOW\LegaSysUOW.csproj", "{3B3E1AE0-727D-4B86-B5EE-B32B5FC7E409}"
EndProject
Project("{FAE04EC0-301F-11D3-BF4B-00C04F79EFBC}") = "LegaSysServices", "LegaSysServices\LegaSysServices.csproj", "{0F23810C-0EDC-4A79-B806-39AE1A066C94}"
EndProject
Project("{E24C65DC-7377-472B-9ABA-BC803B73C61A}") = "LegaSys", "D:\Other Docs\Tutorials\angular6\LegaSys\LegaSys\LegaSys\", "{F68924D6-4676-400F-BF63-227404A62DEC}"
	ProjectSection(WebsiteProperties) = preProject
		TargetFrameworkMoniker = ".NETFramework,Version%3Dv4.0"
		Debug.AspNetCompiler.VirtualPath = "/localhost_61871"
		Debug.AspNetCompiler.PhysicalPath = "LegaSys\"
		Debug.AspNetCompiler.TargetPath = "PrecompiledWeb\localhost_61871\"
		Debug.AspNetCompiler.Updateable = "true"
		Debug.AspNetCompiler.ForceOverwrite = "true"
		Debug.AspNetCompiler.FixedNames = "false"
		Debug.AspNetCompiler.Debug = "True"
		Release.AspNetCompiler.VirtualPath = "/localhost_61871"
		Release.AspNetCompiler.PhysicalPath = "LegaSys\"
		Release.AspNetCompiler.TargetPath = "PrecompiledWeb\localhost_61871\"
		Release.AspNetCompiler.Updateable = "true"
		Release.AspNetCompiler.ForceOverwrite = "true"
		Release.AspNetCompiler.FixedNames = "false"
		Release.AspNetCompiler.Debug = "False"
		VWDPort = "61871"
		SlnRelativePath = "LegaSys\"
	EndProjectSection
EndProject
Global
	GlobalSection(SolutionConfigurationPlatforms) = preSolution
		Debug|Any CPU = Debug|Any CPU
		Release|Any CPU = Release|Any CPU
	EndGlobalSection
	GlobalSection(ProjectConfigurationPlatforms) = postSolution
		{47D87E6A-8815-4A13-BA2F-A4FA1226400E}.Debug|Any CPU.ActiveCfg = Debug|Any CPU
		{47D87E6A-8815-4A13-BA2F-A4FA1226400E}.Debug|Any CPU.Build.0 = Debug|Any CPU
		{47D87E6A-8815-4A13-BA2F-A4FA1226400E}.Release|Any CPU.ActiveCfg = Release|Any CPU
		{47D87E6A-8815-4A13-BA2F-A4FA1226400E}.Release|Any CPU.Build.0 = Release|Any CPU
		{94275C37-D375-4DF8-ACB2-209F1A89B8F8}.Debug|Any CPU.ActiveCfg = Debug|Any CPU
		{94275C37-D375-4DF8-ACB2-209F1A89B8F8}.Debug|Any CPU.Build.0 = Debug|Any CPU
		{94275C37-D375-4DF8-ACB2-209F1A89B8F8}.Release|Any CPU.ActiveCfg = Release|Any CPU
		{94275C37-D375-4DF8-ACB2-209F1A89B8F8}.Release|Any CPU.Build.0 = Release|Any CPU
		{3B3E1AE0-727D-4B86-B5EE-B32B5FC7E409}.Debug|Any CPU.ActiveCfg = Debug|Any CPU
		{3B3E1AE0-727D-4B86-B5EE-B32B5FC7E409}.Debug|Any CPU.Build.0 = Debug|Any CPU
		{3B3E1AE0-727D-4B86-B5EE-B32B5FC7E409}.Release|Any CPU.ActiveCfg = Release|Any CPU
		{3B3E1AE0-727D-4B86-B5EE-B32B5FC7E409}.Release|Any CPU.Build.0 = Release|Any CPU
		{0F23810C-0EDC-4A79-B806-39AE1A066C94}.Debug|Any CPU.ActiveCfg = Debug|Any CPU
		{0F23810C-0EDC-4A79-B806-39AE1A066C94}.Debug|Any CPU.Build.0 = Debug|Any CPU
		{0F23810C-0EDC-4A79-B806-39AE1A066C94}.Release|Any CPU.ActiveCfg = Release|Any CPU
		{0F23810C-0EDC-4A79-B806-39AE1A066C94}.Release|Any CPU.Build.0 = Release|Any CPU
		{F68924D6-4676-400F-BF63-227404A62DEC}.Debug|Any CPU.ActiveCfg = Debug|Any CPU
		{F68924D6-4676-400F-BF63-227404A62DEC}.Debug|Any CPU.Build.0 = Debug|Any CPU
		{F68924D6-4676-400F-BF63-227404A62DEC}.Release|Any CPU.ActiveCfg = Debug|Any CPU
		{F68924D6-4676-400F-BF63-227404A62DEC}.Release|Any CPU.Build.0 = Debug|Any CPU
	EndGlobalSection
	GlobalSection(SolutionProperties) = preSolution
		HideSolutionNode = FALSE
	EndGlobalSection
	GlobalSection(ExtensibilityGlobals) = postSolution
		SolutionGuid = {08B3E26B-2B6F-4F47-B434-F2EADAB1ACC3}
	EndGlobalSection
EndGlobal
